
Microsoft Visual Studio Solution File, Format Version 12.00
# Visual Studio Version 16
VisualStudioVersion = 16.0.28803.202
MinimumVisualStudioVersion = 10.0.40219.1
Project("{9A19103F-16F7-4668-BE54-9A1E7A4F7556}") = "AsyncWebApi", "AsyncWebApi\AsyncWebApi.csproj", "{DA5F6701-F3FD-41FA-ACF8-0571F9FA6A72}"
EndProject
Global
	GlobalSection(SolutionConfigurationPlatforms) = preSolution
		Debug|Any CPU = Debug|Any CPU
		Release|Any CPU = Release|Any CPU
	EndGlobalSection
	GlobalSection(ProjectConfigurationPlatforms) = postSolution
		{DA5F6701-F3FD-41FA-ACF8-0571F9FA6A72}.Debug|Any CPU.ActiveCfg = Debug|Any CPU
		{DA5F6701-F3FD-41FA-ACF8-0571F9FA6A72}.Debug|Any CPU.Build.0 = Debug|Any CPU
		{DA5F6701-F3FD-41FA-ACF8-0571F9FA6A72}.Release|Any CPU.ActiveCfg = Release|Any CPU
		{DA5F6701-F3FD-41FA-ACF8-0571F9FA6A72}.Release|Any CPU.Build.0 = Release|Any CPU
	EndGlobalSection
	GlobalSection(SolutionProperties) = preSolution
		HideSolutionNode = FALSE
	EndGlobalSection
	GlobalSection(ExtensibilityGlobals) = postSolution
		SolutionGuid = {3FF12B68-7EC6-4130-BF57-0651045EC763}
	EndGlobalSection
EndGlobal
